
Microsoft Visual Studio Solution File, Format Version 12.00
# Visual Studio 15
VisualStudioVersion = 15.0.27703.2035
MinimumVisualStudioVersion = 10.0.40219.1
Project("{911E67C6-3D85-4FCE-B560-20A9C3E3FF48}") = "genbmpfont", "genbmpfont.exe", "{11F9B59F-848D-4961-B7C0-00432043E5CE}"
	ProjectSection(DebuggerProjectSystem) = preProject
		PortSupplier = 00000000-0000-0000-0000-000000000000
		Executable = C:\Users\Joao\code\projects\psychosnake\tools\genbmpfont.exe
		RemoteMachine = DESKTOP-C41J84O
		StartingDirectory = C:\Users\Joao\code\projects\psychosnake\tools
		Arguments = "../data/unifont-11.0.01.ttf" >  log.txt
		Environment = Default
		LaunchingEngine = 00000000-0000-0000-0000-000000000000
		UseLegacyDebugEngines = No
		LaunchSQLEngine = No
		AttachLaunchAction = No
	EndProjectSection
EndProject
Global
	GlobalSection(SolutionConfigurationPlatforms) = preSolution
		Release|x64 = Release|x64
	EndGlobalSection
	GlobalSection(ProjectConfigurationPlatforms) = postSolution
		{11F9B59F-848D-4961-B7C0-00432043E5CE}.Release|x64.ActiveCfg = Release|x64
	EndGlobalSection
	GlobalSection(SolutionProperties) = preSolution
		HideSolutionNode = FALSE
	EndGlobalSection
	GlobalSection(ExtensibilityGlobals) = postSolution
		SolutionGuid = {F6ACA321-5CD7-466C-83A9-520C3CB5738A}
	EndGlobalSection
EndGlobal
